
Microsoft Visual Studio Solution File, Format Version 12.00
# Visual Studio 15
VisualStudioVersion = 15.0.27130.2024
MinimumVisualStudioVersion = 10.0.40219.1
Project("{FAE04EC0-301F-11D3-BF4B-00C04F79EFBC}") = "Big base project", "Big base project.csproj", "{40A87083-56BC-4C68-94B0-A8F7F3ABEDC6}"
EndProject
Global
	GlobalSection(SolutionConfigurationPlatforms) = preSolution
		Debug|Any CPU = Debug|Any CPU
		Release|Any CPU = Release|Any CPU
	EndGlobalSection
	GlobalSection(ProjectConfigurationPlatforms) = postSolution
		{40A87083-56BC-4C68-94B0-A8F7F3ABEDC6}.Debug|Any CPU.ActiveCfg = Debug|Any CPU
		{40A87083-56BC-4C68-94B0-A8F7F3ABEDC6}.Debug|Any CPU.Build.0 = Debug|Any CPU
		{40A87083-56BC-4C68-94B0-A8F7F3ABEDC6}.Release|Any CPU.ActiveCfg = Release|Any CPU
		{40A87083-56BC-4C68-94B0-A8F7F3ABEDC6}.Release|Any CPU.Build.0 = Release|Any CPU
	EndGlobalSection
	GlobalSection(SolutionProperties) = preSolution
		HideSolutionNode = FALSE
	EndGlobalSection
	GlobalSection(ExtensibilityGlobals) = postSolution
		SolutionGuid = {DA30B01B-0B7F-4A5C-A04A-1887833213DD}
	EndGlobalSection
EndGlobal
